
Microsoft Visual Studio Solution File, Format Version 12.00
Project("{FAE04EC0-301F-11D3-BF4B-00C04F79EFBC}") = "DDDCanvasCreator", "src\DDDCanvasCreator\DDDCanvasCreator.csproj", "{2C760B0A-CAF9-428E-A59E-8D7995F07F14}"
EndProject
Project("{2150E333-8FDC-42A3-9474-1A3956D46DE8}") = "src", "src", "{FE84BF77-B157-4F04-AFD1-D3EF8152F939}"
EndProject
Project("{2150E333-8FDC-42A3-9474-1A3956D46DE8}") = "samples", "samples", "{0A967C8B-604B-4D05-87A6-82F024E710D7}"
	ProjectSection(SolutionItems) = preProject
		Yamls\AggregateDesignCanvasFullSample1.yaml = Yamls\AggregateDesignCanvasFullSample1.yaml
		Yamls\BoundedContextBasic.yaml = Yamls\BoundedContextBasic.yaml
	EndProjectSection
EndProject
Project("{2150E333-8FDC-42A3-9474-1A3956D46DE8}") = "tests", "tests", "{7B213CF4-8813-40C8-8056-59EF8902EEA2}"
EndProject
Project("{FAE04EC0-301F-11D3-BF4B-00C04F79EFBC}") = "DDDCanvasCreator.Tests", "tests\DDDCanvasCreator.Tests\DDDCanvasCreator.Tests.csproj", "{82EE9B4C-07CD-4BB6-BD07-5F29DD7AE3E6}"
EndProject
Project("{FAE04EC0-301F-11D3-BF4B-00C04F79EFBC}") = "ddd", "src\ddd\ddd.csproj", "{BD7607F6-67B6-496F-9726-4857C04E1CB7}"
EndProject
Project("{2150E333-8FDC-42A3-9474-1A3956D46DE8}") = "docs", "docs", "{7C855B3F-46AF-435C-BE0B-C7F155409194}"
EndProject
Global
	GlobalSection(SolutionConfigurationPlatforms) = preSolution
		Debug|Any CPU = Debug|Any CPU
		Release|Any CPU = Release|Any CPU
	EndGlobalSection
	GlobalSection(ProjectConfigurationPlatforms) = postSolution
		{2C760B0A-CAF9-428E-A59E-8D7995F07F14}.Debug|Any CPU.ActiveCfg = Debug|Any CPU
		{2C760B0A-CAF9-428E-A59E-8D7995F07F14}.Debug|Any CPU.Build.0 = Debug|Any CPU
		{2C760B0A-CAF9-428E-A59E-8D7995F07F14}.Release|Any CPU.ActiveCfg = Release|Any CPU
		{2C760B0A-CAF9-428E-A59E-8D7995F07F14}.Release|Any CPU.Build.0 = Release|Any CPU
		{82EE9B4C-07CD-4BB6-BD07-5F29DD7AE3E6}.Debug|Any CPU.ActiveCfg = Debug|Any CPU
		{82EE9B4C-07CD-4BB6-BD07-5F29DD7AE3E6}.Debug|Any CPU.Build.0 = Debug|Any CPU
		{82EE9B4C-07CD-4BB6-BD07-5F29DD7AE3E6}.Release|Any CPU.ActiveCfg = Release|Any CPU
		{82EE9B4C-07CD-4BB6-BD07-5F29DD7AE3E6}.Release|Any CPU.Build.0 = Release|Any CPU
		{BD7607F6-67B6-496F-9726-4857C04E1CB7}.Debug|Any CPU.ActiveCfg = Debug|Any CPU
		{BD7607F6-67B6-496F-9726-4857C04E1CB7}.Debug|Any CPU.Build.0 = Debug|Any CPU
		{BD7607F6-67B6-496F-9726-4857C04E1CB7}.Release|Any CPU.ActiveCfg = Release|Any CPU
		{BD7607F6-67B6-496F-9726-4857C04E1CB7}.Release|Any CPU.Build.0 = Release|Any CPU
	EndGlobalSection
	GlobalSection(NestedProjects) = preSolution
		{2C760B0A-CAF9-428E-A59E-8D7995F07F14} = {FE84BF77-B157-4F04-AFD1-D3EF8152F939}
		{82EE9B4C-07CD-4BB6-BD07-5F29DD7AE3E6} = {7B213CF4-8813-40C8-8056-59EF8902EEA2}
		{BD7607F6-67B6-496F-9726-4857C04E1CB7} = {FE84BF77-B157-4F04-AFD1-D3EF8152F939}
	EndGlobalSection
EndGlobal
