
Microsoft Visual Studio Solution File, Format Version 12.00
# Visual Studio Version 17
VisualStudioVersion = 17.0.31903.59
MinimumVisualStudioVersion = 10.0.40219.1
Project("{2150E333-8FDC-42A3-9474-1A3956D46DE8}") = "src", "src", "{91AF0154-50CE-4572-A308-45686803DDA8}"
EndProject
Project("{2150E333-8FDC-42A3-9474-1A3956D46DE8}") = "tests", "tests", "{448FF2F2-DB0D-42ED-9A54-53E41618E40C}"
EndProject
Project("{FAE04EC0-301F-11D3-BF4B-00C04F79EFBC}") = "ddd", "src\ddd\ddd.csproj", "{56E7E3DB-53AE-4BEA-925A-8950020F5BF2}"
EndProject
Project("{FAE04EC0-301F-11D3-BF4B-00C04F79EFBC}") = "DDDCanvasCreator", "src\DDDCanvasCreator\DDDCanvasCreator.csproj", "{D562E73F-B266-4A9E-8816-D013D765481E}"
EndProject
Project("{FAE04EC0-301F-11D3-BF4B-00C04F79EFBC}") = "DDDCanvasCreator.Tests", "tests\DDDCanvasCreator.Tests\DDDCanvasCreator.Tests.csproj", "{AD0253C1-47F0-4A35-AA56-94D4B1E4B665}"
EndProject
Project("{2150E333-8FDC-42A3-9474-1A3956D46DE8}") = "samples", "samples", "{2812A40A-AE53-4F8C-BB29-A0A05FAD4F40}"
	ProjectSection(SolutionItems) = preProject
		samples\AggregateDesignCanvasFullSample1.yaml = samples\AggregateDesignCanvasFullSample1.yaml
		samples\bc.svg = samples\bc.svg
		samples\BoundedContextBasic.yaml = samples\BoundedContextBasic.yaml
		samples\subdmains.svg = samples\subdmains.svg
	EndProjectSection
EndProject
Project("{FAE04EC0-301F-11D3-BF4B-00C04F79EFBC}") = "ddd.Tests", "tests\ddd.Tests\ddd.Tests.csproj", "{7DC33179-6817-48E2-86FA-7BD183B41952}"
EndProject
Project("{2150E333-8FDC-42A3-9474-1A3956D46DE8}") = "build", "build", "{FA77E917-DD00-47C3-8FEB-0F03F742F790}"
EndProject
Project("{FAE04EC0-301F-11D3-BF4B-00C04F79EFBC}") = "build", "build\build.csproj", "{51B3D1DC-0335-4C9E-AF4D-868098D2E0CC}"
EndProject
Project("{2150E333-8FDC-42A3-9474-1A3956D46DE8}") = "Docs", "Docs", "{00D0F980-9BA3-42C2-8447-D3C90EC25788}"
	ProjectSection(SolutionItems) = preProject
		README.md = README.md
	EndProjectSection
EndProject
Project("{2150E333-8FDC-42A3-9474-1A3956D46DE8}") = "schema", "schema", "{EEFA0020-C682-491B-A4B3-C99279560F4A}"
	ProjectSection(SolutionItems) = preProject
		src\schema\README.md = src\schema\README.md
		src\schema\bounded_context_schema.json = src\schema\bounded_context_schema.json
		src\schema\aggregate_schema.json = src\schema\aggregate_schema.json
		src\schema\ddd_schema.json = src\schema\ddd_schema.json
		src\schema\subdomains_schema.json = src\schema\subdomains_schema.json
	EndProjectSection
EndProject
Project("{FAE04EC0-301F-11D3-BF4B-00C04F79EFBC}") = "DDDCanvasCreator.Benchmarks", "tests\DDDCanvasCreator.Benchmarks\DDDCanvasCreator.Benchmarks.csproj", "{B33AF7EF-831D-4D0E-9859-6C10473033BE}"
EndProject
Global
	GlobalSection(SolutionConfigurationPlatforms) = preSolution
		Debug|Any CPU = Debug|Any CPU
		Release|Any CPU = Release|Any CPU
	EndGlobalSection
	GlobalSection(SolutionProperties) = preSolution
		HideSolutionNode = FALSE
	EndGlobalSection
	GlobalSection(NestedProjects) = preSolution
		{56E7E3DB-53AE-4BEA-925A-8950020F5BF2} = {91AF0154-50CE-4572-A308-45686803DDA8}
		{D562E73F-B266-4A9E-8816-D013D765481E} = {91AF0154-50CE-4572-A308-45686803DDA8}
		{AD0253C1-47F0-4A35-AA56-94D4B1E4B665} = {448FF2F2-DB0D-42ED-9A54-53E41618E40C}
		{7DC33179-6817-48E2-86FA-7BD183B41952} = {448FF2F2-DB0D-42ED-9A54-53E41618E40C}
		{51B3D1DC-0335-4C9E-AF4D-868098D2E0CC} = {FA77E917-DD00-47C3-8FEB-0F03F742F790}
		{B33AF7EF-831D-4D0E-9859-6C10473033BE} = {448FF2F2-DB0D-42ED-9A54-53E41618E40C}
	EndGlobalSection
	GlobalSection(ProjectConfigurationPlatforms) = postSolution
		{56E7E3DB-53AE-4BEA-925A-8950020F5BF2}.Debug|Any CPU.ActiveCfg = Debug|Any CPU
		{56E7E3DB-53AE-4BEA-925A-8950020F5BF2}.Debug|Any CPU.Build.0 = Debug|Any CPU
		{56E7E3DB-53AE-4BEA-925A-8950020F5BF2}.Release|Any CPU.ActiveCfg = Release|Any CPU
		{56E7E3DB-53AE-4BEA-925A-8950020F5BF2}.Release|Any CPU.Build.0 = Release|Any CPU
		{D562E73F-B266-4A9E-8816-D013D765481E}.Debug|Any CPU.ActiveCfg = Debug|Any CPU
		{D562E73F-B266-4A9E-8816-D013D765481E}.Debug|Any CPU.Build.0 = Debug|Any CPU
		{D562E73F-B266-4A9E-8816-D013D765481E}.Release|Any CPU.ActiveCfg = Release|Any CPU
		{D562E73F-B266-4A9E-8816-D013D765481E}.Release|Any CPU.Build.0 = Release|Any CPU
		{AD0253C1-47F0-4A35-AA56-94D4B1E4B665}.Debug|Any CPU.ActiveCfg = Debug|Any CPU
		{AD0253C1-47F0-4A35-AA56-94D4B1E4B665}.Debug|Any CPU.Build.0 = Debug|Any CPU
		{AD0253C1-47F0-4A35-AA56-94D4B1E4B665}.Release|Any CPU.ActiveCfg = Release|Any CPU
		{AD0253C1-47F0-4A35-AA56-94D4B1E4B665}.Release|Any CPU.Build.0 = Release|Any CPU
		{7DC33179-6817-48E2-86FA-7BD183B41952}.Debug|Any CPU.ActiveCfg = Debug|Any CPU
		{7DC33179-6817-48E2-86FA-7BD183B41952}.Debug|Any CPU.Build.0 = Debug|Any CPU
		{7DC33179-6817-48E2-86FA-7BD183B41952}.Release|Any CPU.ActiveCfg = Release|Any CPU
		{7DC33179-6817-48E2-86FA-7BD183B41952}.Release|Any CPU.Build.0 = Release|Any CPU
		{51B3D1DC-0335-4C9E-AF4D-868098D2E0CC}.Debug|Any CPU.ActiveCfg = Debug|Any CPU
		{51B3D1DC-0335-4C9E-AF4D-868098D2E0CC}.Debug|Any CPU.Build.0 = Debug|Any CPU
		{51B3D1DC-0335-4C9E-AF4D-868098D2E0CC}.Release|Any CPU.ActiveCfg = Release|Any CPU
		{51B3D1DC-0335-4C9E-AF4D-868098D2E0CC}.Release|Any CPU.Build.0 = Release|Any CPU
		{B33AF7EF-831D-4D0E-9859-6C10473033BE}.Debug|Any CPU.ActiveCfg = Debug|Any CPU
		{B33AF7EF-831D-4D0E-9859-6C10473033BE}.Debug|Any CPU.Build.0 = Debug|Any CPU
		{B33AF7EF-831D-4D0E-9859-6C10473033BE}.Release|Any CPU.ActiveCfg = Release|Any CPU
		{B33AF7EF-831D-4D0E-9859-6C10473033BE}.Release|Any CPU.Build.0 = Release|Any CPU
	EndGlobalSection
EndGlobal
