
Microsoft Visual Studio Solution File, Format Version 12.00
# Visual Studio Version 17
VisualStudioVersion = 17.0.31903.59
MinimumVisualStudioVersion = 10.0.40219.1
Project("{2150E333-8FDC-42A3-9474-1A3956D46DE8}") = "src", "src", "{91AF0154-50CE-4572-A308-45686803DDA8}"
EndProject
Project("{2150E333-8FDC-42A3-9474-1A3956D46DE8}") = "tests", "tests", "{448FF2F2-DB0D-42ED-9A54-53E41618E40C}"
EndProject
Project("{FAE04EC0-301F-11D3-BF4B-00C04F79EFBC}") = "ddd", "src\ddd\ddd.csproj", "{56E7E3DB-53AE-4BEA-925A-8950020F5BF2}"
EndProject
Project("{FAE04EC0-301F-11D3-BF4B-00C04F79EFBC}") = "DDDCanvasCreator", "src\DDDCanvasCreator\DDDCanvasCreator.csproj", "{D562E73F-B266-4A9E-8816-D013D765481E}"
EndProject
Project("{FAE04EC0-301F-11D3-BF4B-00C04F79EFBC}") = "DDDCanvasCreator.Tests", "tests\DDDCanvasCreator.Tests\DDDCanvasCreator.Tests.csproj", "{AD0253C1-47F0-4A35-AA56-94D4B1E4B665}"
EndProject
Project("{2150E333-8FDC-42A3-9474-1A3956D46DE8}") = "samples", "samples", "{2812A40A-AE53-4F8C-BB29-A0A05FAD4F40}"
	ProjectSection(SolutionItems) = preProject
		Yamls\AggregateDesignCanvasFullSample1.yaml = Yamls\AggregateDesignCanvasFullSample1.yaml
		Yamls\BoundedContextBasic.yaml = Yamls\BoundedContextBasic.yaml
	EndProjectSection
EndProject
Global
	GlobalSection(SolutionConfigurationPlatforms) = preSolution
		Debug|Any CPU = Debug|Any CPU
		Release|Any CPU = Release|Any CPU
	EndGlobalSection
	GlobalSection(SolutionProperties) = preSolution
		HideSolutionNode = FALSE
	EndGlobalSection
	GlobalSection(NestedProjects) = preSolution
		{56E7E3DB-53AE-4BEA-925A-8950020F5BF2} = {91AF0154-50CE-4572-A308-45686803DDA8}
		{D562E73F-B266-4A9E-8816-D013D765481E} = {91AF0154-50CE-4572-A308-45686803DDA8}
		{AD0253C1-47F0-4A35-AA56-94D4B1E4B665} = {448FF2F2-DB0D-42ED-9A54-53E41618E40C}
	EndGlobalSection
	GlobalSection(ProjectConfigurationPlatforms) = postSolution
		{56E7E3DB-53AE-4BEA-925A-8950020F5BF2}.Debug|Any CPU.ActiveCfg = Debug|Any CPU
		{56E7E3DB-53AE-4BEA-925A-8950020F5BF2}.Debug|Any CPU.Build.0 = Debug|Any CPU
		{56E7E3DB-53AE-4BEA-925A-8950020F5BF2}.Release|Any CPU.ActiveCfg = Release|Any CPU
		{56E7E3DB-53AE-4BEA-925A-8950020F5BF2}.Release|Any CPU.Build.0 = Release|Any CPU
		{D562E73F-B266-4A9E-8816-D013D765481E}.Debug|Any CPU.ActiveCfg = Debug|Any CPU
		{D562E73F-B266-4A9E-8816-D013D765481E}.Debug|Any CPU.Build.0 = Debug|Any CPU
		{D562E73F-B266-4A9E-8816-D013D765481E}.Release|Any CPU.ActiveCfg = Release|Any CPU
		{D562E73F-B266-4A9E-8816-D013D765481E}.Release|Any CPU.Build.0 = Release|Any CPU
		{AD0253C1-47F0-4A35-AA56-94D4B1E4B665}.Debug|Any CPU.ActiveCfg = Debug|Any CPU
		{AD0253C1-47F0-4A35-AA56-94D4B1E4B665}.Debug|Any CPU.Build.0 = Debug|Any CPU
		{AD0253C1-47F0-4A35-AA56-94D4B1E4B665}.Release|Any CPU.ActiveCfg = Release|Any CPU
		{AD0253C1-47F0-4A35-AA56-94D4B1E4B665}.Release|Any CPU.Build.0 = Release|Any CPU
	EndGlobalSection
EndGlobal
